
Microsoft Visual Studio Solution File, Format Version 12.00
# Visual Studio Version 17
VisualStudioVersion = 17.8.34511.84
MinimumVisualStudioVersion = 10.0.40219.1
Project("{FAE04EC0-301F-11D3-BF4B-00C04F79EFBC}") = "QLBangHangA", "QLBangHangA\QLBangHangA.csproj", "{20A4E067-04A2-4724-AE51-7B442009C4EC}"
EndProject
Global
	GlobalSection(SolutionConfigurationPlatforms) = preSolution
		Debug|Any CPU = Debug|Any CPU
		Release|Any CPU = Release|Any CPU
	EndGlobalSection
	GlobalSection(ProjectConfigurationPlatforms) = postSolution
		{20A4E067-04A2-4724-AE51-7B442009C4EC}.Debug|Any CPU.ActiveCfg = Debug|Any CPU
		{20A4E067-04A2-4724-AE51-7B442009C4EC}.Debug|Any CPU.Build.0 = Debug|Any CPU
		{20A4E067-04A2-4724-AE51-7B442009C4EC}.Release|Any CPU.ActiveCfg = Release|Any CPU
		{20A4E067-04A2-4724-AE51-7B442009C4EC}.Release|Any CPU.Build.0 = Release|Any CPU
	EndGlobalSection
	GlobalSection(SolutionProperties) = preSolution
		HideSolutionNode = FALSE
	EndGlobalSection
	GlobalSection(ExtensibilityGlobals) = postSolution
		SolutionGuid = {674E8853-F1FA-43B6-8F0B-ECB994E87B9A}
	EndGlobalSection
EndGlobal
